
Microsoft Visual Studio Solution File, Format Version 12.00
# Visual Studio Version 17
VisualStudioVersion = 17.2.32630.192
MinimumVisualStudioVersion = 10.0.40219.1
Project("{FAE04EC0-301F-11D3-BF4B-00C04F79EFBC}") = "Devs2Blu.ProjetosAula.OOP3.Main", "src\Devs2Blu.ProjetosAula.OOP3.Main\Devs2Blu.ProjetosAula.OOP3.Main.csproj", "{D2DE7396-E636-41A0-9789-8DC364CB9CCC}"
EndProject
Project("{FAE04EC0-301F-11D3-BF4B-00C04F79EFBC}") = "Devs2Blu.ProjetosAula.OOP3.Models", "Devs2Blu.ProjetosAula.OOP3.Models\Devs2Blu.ProjetosAula.OOP3.Models.csproj", "{B0BC8C24-E80C-43A3-955C-8F2244E94134}"
EndProject
Global
	GlobalSection(SolutionConfigurationPlatforms) = preSolution
		Debug|Any CPU = Debug|Any CPU
		Release|Any CPU = Release|Any CPU
	EndGlobalSection
	GlobalSection(ProjectConfigurationPlatforms) = postSolution
		{D2DE7396-E636-41A0-9789-8DC364CB9CCC}.Debug|Any CPU.ActiveCfg = Debug|Any CPU
		{D2DE7396-E636-41A0-9789-8DC364CB9CCC}.Debug|Any CPU.Build.0 = Debug|Any CPU
		{D2DE7396-E636-41A0-9789-8DC364CB9CCC}.Release|Any CPU.ActiveCfg = Release|Any CPU
		{D2DE7396-E636-41A0-9789-8DC364CB9CCC}.Release|Any CPU.Build.0 = Release|Any CPU
		{B0BC8C24-E80C-43A3-955C-8F2244E94134}.Debug|Any CPU.ActiveCfg = Debug|Any CPU
		{B0BC8C24-E80C-43A3-955C-8F2244E94134}.Debug|Any CPU.Build.0 = Debug|Any CPU
		{B0BC8C24-E80C-43A3-955C-8F2244E94134}.Release|Any CPU.ActiveCfg = Release|Any CPU
		{B0BC8C24-E80C-43A3-955C-8F2244E94134}.Release|Any CPU.Build.0 = Release|Any CPU
	EndGlobalSection
	GlobalSection(SolutionProperties) = preSolution
		HideSolutionNode = FALSE
	EndGlobalSection
	GlobalSection(ExtensibilityGlobals) = postSolution
		SolutionGuid = {3DBF8526-147A-4A5A-97FE-2F3B3422D6DF}
	EndGlobalSection
EndGlobal
